{
  "name": "colorman-demo",
  "version": "1.0.0",
  "lockfileVersion": 2,
  "requires": true,
  "packages": {
    "": {
      "name": "colorman-demo",
      "version": "1.0.0",
      "license": "MIT",
      "dependencies": {
        "colorman": "latest"
      }
    },
    "node_modules/colorman": {
      "version": "0.0.3",
      "resolved": "https://registry.npmjs.org/colorman/-/colorman-0.0.3.tgz",
      "integrity": "sha512-JwHYSOsjQcWM4LdjPAU0w+2O7xFc+7/+wJOnEyM/2OJWUgEwE0W49yuLArOn4UtGZF2lYjfpq4AZR0rQ5wKZPA=="
    }
  },
  "dependencies": {
    "colorman": {
      "version": "0.0.3",
      "resolved": "https://registry.npmjs.org/colorman/-/colorman-0.0.3.tgz",
      "integrity": "sha512-JwHYSOsjQcWM4LdjPAU0w+2O7xFc+7/+wJOnEyM/2OJWUgEwE0W49yuLArOn4UtGZF2lYjfpq4AZR0rQ5wKZPA=="
    }
  }
}
