{
  "name": "colorman-demo",
  "version": "1.0.0",
  "lockfileVersion": 2,
  "requires": true,
  "packages": {
    "": {
      "name": "colorman-demo",
      "version": "1.0.0",
      "license": "MIT",
      "dependencies": {
        "colorman": "^0.0.2"
      }
    },
    "node_modules/colorman": {
      "version": "0.0.2",
      "resolved": "https://registry.npmjs.org/colorman/-/colorman-0.0.2.tgz",
      "integrity": "sha512-OFXYdOq/Z1i/emtdg+BSKaQYElwX5huH/+zZREtqYJXnRKkMxHMfGLL4+fG6umTYNgA/ntJIe8Pt3OBW18awtg=="
    }
  },
  "dependencies": {
    "colorman": {
      "version": "0.0.2",
      "resolved": "https://registry.npmjs.org/colorman/-/colorman-0.0.2.tgz",
      "integrity": "sha512-OFXYdOq/Z1i/emtdg+BSKaQYElwX5huH/+zZREtqYJXnRKkMxHMfGLL4+fG6umTYNgA/ntJIe8Pt3OBW18awtg=="
    }
  }
}
