{
  "name": "colorman-demo",
  "version": "1.0.0",
  "lockfileVersion": 2,
  "requires": true,
  "packages": {
    "": {
      "name": "colorman-demo",
      "version": "1.0.0",
      "license": "MIT",
      "dependencies": {
        "colorman": "latest"
      }
    },
    "node_modules/colorman": {
      "version": "0.0.5",
      "resolved": "https://registry.npmjs.org/colorman/-/colorman-0.0.5.tgz",
      "integrity": "sha512-sMJyJKgxiCK1EVDvr6sAOh5bfqjlgO6OVkJ5s3hmBNbg9qjIysqc2oU2bHTL0v4xLH6JYU7iXIhTBx+k97GPuw=="
    }
  },
  "dependencies": {
    "colorman": {
      "version": "0.0.5",
      "resolved": "https://registry.npmjs.org/colorman/-/colorman-0.0.5.tgz",
      "integrity": "sha512-sMJyJKgxiCK1EVDvr6sAOh5bfqjlgO6OVkJ5s3hmBNbg9qjIysqc2oU2bHTL0v4xLH6JYU7iXIhTBx+k97GPuw=="
    }
  }
}
